// !$*UTF8*$!
{
	archiveVersion = 1;
	classes = {
	};
	objectVersion = 56;
	objects = {

/* Begin PBXBuildFile section */
		BF7BFA142B5C45DE002F3802 /* IconButton.swift in Sources */ = {isa = PBXBuildFile; fileRef = BF7BFA132B5C45DE002F3802 /* IconButton.swift */; };
		BF7BFA172B5C4BBF002F3802 /* HomeAvatar.swift in Sources */ = {isa = PBXBuildFile; fileRef = BF7BFA162B5C4BBF002F3802 /* HomeAvatar.swift */; };
		BF7BFA192B5C4F6D002F3802 /* UserImageCircle.swift in Sources */ = {isa = PBXBuildFile; fileRef = BF7BFA182B5C4F6D002F3802 /* UserImageCircle.swift */; };
		BF7BFA1B2B5C501D002F3802 /* UserInitialsCircle.swift in Sources */ = {isa = PBXBuildFile; fileRef = BF7BFA1A2B5C501D002F3802 /* UserInitialsCircle.swift */; };
		BF7BFA1E2B5D5692002F3802 /* HorizontalCarrousel.swift in Sources */ = {isa = PBXBuildFile; fileRef = BF7BFA1D2B5D5692002F3802 /* HorizontalCarrousel.swift */; };
		BF7BFA212B5D5D4B002F3802 /* HomeAccount.swift in Sources */ = {isa = PBXBuildFile; fileRef = BF7BFA202B5D5D4B002F3802 /* HomeAccount.swift */; };
		BF7BFA232B5D99F0002F3802 /* AccountsCarrousel.swift in Sources */ = {isa = PBXBuildFile; fileRef = BF7BFA222B5D99F0002F3802 /* AccountsCarrousel.swift */; };
		BF7BFA272B5EC62F002F3802 /* Account.swift in Sources */ = {isa = PBXBuildFile; fileRef = BF7BFA262B5EC62F002F3802 /* Account.swift */; };
		BF7BFA292B5ED247002F3802 /* LoginRouter.swift in Sources */ = {isa = PBXBuildFile; fileRef = BF7BFA282B5ED247002F3802 /* LoginRouter.swift */; };
		BF7BFA2B2B5F07E7002F3802 /* UIImageViewExtension.swift in Sources */ = {isa = PBXBuildFile; fileRef = BF7BFA2A2B5F07E7002F3802 /* UIImageViewExtension.swift */; };
		BF7BFA2D2B6005D2002F3802 /* BankAPI.swift in Sources */ = {isa = PBXBuildFile; fileRef = BF7BFA2C2B6005D2002F3802 /* BankAPI.swift */; };
		BF7BFA2F2B600973002F3802 /* BankAccount.swift in Sources */ = {isa = PBXBuildFile; fileRef = BF7BFA2E2B600973002F3802 /* BankAccount.swift */; };
		BF7BFA312B6011A6002F3802 /* HomePresenter.swift in Sources */ = {isa = PBXBuildFile; fileRef = BF7BFA302B6011A6002F3802 /* HomePresenter.swift */; };
		BF7BFA332B601356002F3802 /* AccountInformation.swift in Sources */ = {isa = PBXBuildFile; fileRef = BF7BFA322B601356002F3802 /* AccountInformation.swift */; };
		BF7BFA352B601A82002F3802 /* StringUtils.swift in Sources */ = {isa = PBXBuildFile; fileRef = BF7BFA342B601A82002F3802 /* StringUtils.swift */; };
		BF7BFA372B602A72002F3802 /* AccountsHomeSection.swift in Sources */ = {isa = PBXBuildFile; fileRef = BF7BFA362B602A72002F3802 /* AccountsHomeSection.swift */; };
		BF7BFA392B602E6F002F3802 /* ButtonWithImage.swift in Sources */ = {isa = PBXBuildFile; fileRef = BF7BFA382B602E6F002F3802 /* ButtonWithImage.swift */; };
		BF7BFA3B2B6037DA002F3802 /* UIImageExtension.swift in Sources */ = {isa = PBXBuildFile; fileRef = BF7BFA3A2B6037DA002F3802 /* UIImageExtension.swift */; };
		BF7BFA3E2B60442A002F3802 /* PromosHomeSection.swift in Sources */ = {isa = PBXBuildFile; fileRef = BF7BFA3D2B60442A002F3802 /* PromosHomeSection.swift */; };
		BF7BFA402B606402002F3802 /* PromosCarrousel.swift in Sources */ = {isa = PBXBuildFile; fileRef = BF7BFA3F2B606402002F3802 /* PromosCarrousel.swift */; };
		BF7BFA422B6064FA002F3802 /* BannerPromos.swift in Sources */ = {isa = PBXBuildFile; fileRef = BF7BFA412B6064FA002F3802 /* BannerPromos.swift */; };
		BF7BFA442B60678B002F3802 /* PromosAPI.swift in Sources */ = {isa = PBXBuildFile; fileRef = BF7BFA432B60678B002F3802 /* PromosAPI.swift */; };
		BF7BFA462B606849002F3802 /* Promotion.swift in Sources */ = {isa = PBXBuildFile; fileRef = BF7BFA452B606849002F3802 /* Promotion.swift */; };
		BF7BFA492B606FE1002F3802 /* HomeTitle.swift in Sources */ = {isa = PBXBuildFile; fileRef = BF7BFA482B606FE1002F3802 /* HomeTitle.swift */; };
		BFD6105C2B500FEC004E3953 /* AppDelegate.swift in Sources */ = {isa = PBXBuildFile; fileRef = BFD6105B2B500FEC004E3953 /* AppDelegate.swift */; };
		BFD6105E2B500FEC004E3953 /* SceneDelegate.swift in Sources */ = {isa = PBXBuildFile; fileRef = BFD6105D2B500FEC004E3953 /* SceneDelegate.swift */; };
		BFD610632B500FEC004E3953 /* Main.storyboard in Resources */ = {isa = PBXBuildFile; fileRef = BFD610612B500FEC004E3953 /* Main.storyboard */; };
		BFD610652B500FF0004E3953 /* Assets.xcassets in Resources */ = {isa = PBXBuildFile; fileRef = BFD610642B500FF0004E3953 /* Assets.xcassets */; };
		BFD610682B500FF0004E3953 /* LaunchScreen.storyboard in Resources */ = {isa = PBXBuildFile; fileRef = BFD610662B500FF0004E3953 /* LaunchScreen.storyboard */; };
		BFD610722B50102D004E3953 /* LoginVC.swift in Sources */ = {isa = PBXBuildFile; fileRef = BFD610712B50102D004E3953 /* LoginVC.swift */; };
		BFD610742B501C42004E3953 /* PasswordDots.swift in Sources */ = {isa = PBXBuildFile; fileRef = BFD610732B501C42004E3953 /* PasswordDots.swift */; };
		BFD6107C2B50378A004E3953 /* Colors.swift in Sources */ = {isa = PBXBuildFile; fileRef = BFD6107B2B50378A004E3953 /* Colors.swift */; };
		BFD6107E2B5038D2004E3953 /* KeypadButtonContainer.swift in Sources */ = {isa = PBXBuildFile; fileRef = BFD6107D2B5038D2004E3953 /* KeypadButtonContainer.swift */; };
		BFD610812B50397A004E3953 /* KeypadButton.swift in Sources */ = {isa = PBXBuildFile; fileRef = BFD610802B50397A004E3953 /* KeypadButton.swift */; };
		BFD610832B503BE7004E3953 /* KeypadComponent.swift in Sources */ = {isa = PBXBuildFile; fileRef = BFD610822B503BE7004E3953 /* KeypadComponent.swift */; };
		BFD610852B505B15004E3953 /* Keypad.swift in Sources */ = {isa = PBXBuildFile; fileRef = BFD610842B505B15004E3953 /* Keypad.swift */; };
		BFD610882B5069E7004E3953 /* NumberPad.swift in Sources */ = {isa = PBXBuildFile; fileRef = BFD610872B5069E7004E3953 /* NumberPad.swift */; };
		BFD6108A2B50AEB9004E3953 /* PasswordEyeButton.swift in Sources */ = {isa = PBXBuildFile; fileRef = BFD610892B50AEB9004E3953 /* PasswordEyeButton.swift */; };
		BFD6108C2B56C677004E3953 /* ObserversNames.swift in Sources */ = {isa = PBXBuildFile; fileRef = BFD6108B2B56C677004E3953 /* ObserversNames.swift */; };
		BFD6108E2B56F79F004E3953 /* HomeVC.swift in Sources */ = {isa = PBXBuildFile; fileRef = BFD6108D2B56F79F004E3953 /* HomeVC.swift */; };
		BFD610902B56FD8F004E3953 /* ViewControllerNames.swift in Sources */ = {isa = PBXBuildFile; fileRef = BFD6108F2B56FD8F004E3953 /* ViewControllerNames.swift */; };
		BFD610922B56FDEF004E3953 /* Home.storyboard in Resources */ = {isa = PBXBuildFile; fileRef = BFD610912B56FDEF004E3953 /* Home.storyboard */; };
		BFD610962B56FFA4004E3953 /* StoryboardNames.swift in Sources */ = {isa = PBXBuildFile; fileRef = BFD610952B56FFA4004E3953 /* StoryboardNames.swift */; };
		BFD610992B5702B8004E3953 /* Navigation.swift in Sources */ = {isa = PBXBuildFile; fileRef = BFD610982B5702B8004E3953 /* Navigation.swift */; };
		BFD6109C2B581E54004E3953 /* Login.swift in Sources */ = {isa = PBXBuildFile; fileRef = BFD6109B2B581E54004E3953 /* Login.swift */; };
		BFD6109F2B581F35004E3953 /* AuthAPI.swift in Sources */ = {isa = PBXBuildFile; fileRef = BFD6109E2B581F35004E3953 /* AuthAPI.swift */; };
		BFD610A12B581F44004E3953 /* NetworkManager.swift in Sources */ = {isa = PBXBuildFile; fileRef = BFD610A02B581F44004E3953 /* NetworkManager.swift */; };
		BFD610A42B596FC9004E3953 /* Keychain.swift in Sources */ = {isa = PBXBuildFile; fileRef = BFD610A32B596FC9004E3953 /* Keychain.swift */; };
		BFD610A62B597035004E3953 /* KeychainKeys.swift in Sources */ = {isa = PBXBuildFile; fileRef = BFD610A52B597035004E3953 /* KeychainKeys.swift */; };
		BFD610A82B59714B004E3953 /* UserAPI.swift in Sources */ = {isa = PBXBuildFile; fileRef = BFD610A72B59714B004E3953 /* UserAPI.swift */; };
		BFD610AA2B597216004E3953 /* MockData.swift in Sources */ = {isa = PBXBuildFile; fileRef = BFD610A92B597216004E3953 /* MockData.swift */; };
		BFD610AC2B59743F004E3953 /* User.swift in Sources */ = {isa = PBXBuildFile; fileRef = BFD610AB2B59743F004E3953 /* User.swift */; };
		BFD610AE2B597547004E3953 /* Card.swift in Sources */ = {isa = PBXBuildFile; fileRef = BFD610AD2B597547004E3953 /* Card.swift */; };
		BFD610B02B598B3C004E3953 /* CardArt.swift in Sources */ = {isa = PBXBuildFile; fileRef = BFD610AF2B598B3C004E3953 /* CardArt.swift */; };
		BFD610B22B598B74004E3953 /* SuggestedBanksByCards.swift in Sources */ = {isa = PBXBuildFile; fileRef = BFD610B12B598B74004E3953 /* SuggestedBanksByCards.swift */; };
		BFD610B42B59939A004E3953 /* ErrorMessage.swift in Sources */ = {isa = PBXBuildFile; fileRef = BFD610B32B59939A004E3953 /* ErrorMessage.swift */; };
		BFD610B62B5993D7004E3953 /* ErrorResponse.swift in Sources */ = {isa = PBXBuildFile; fileRef = BFD610B52B5993D7004E3953 /* ErrorResponse.swift */; };
		BFD610B82B59A382004E3953 /* Bank.swift in Sources */ = {isa = PBXBuildFile; fileRef = BFD610B72B59A382004E3953 /* Bank.swift */; };
		BFD610C12B59F1CA004E3953 /* LoginPresenter.swift in Sources */ = {isa = PBXBuildFile; fileRef = BFD610C02B59F1CA004E3953 /* LoginPresenter.swift */; };
		BFD610C32B5AB990004E3953 /* ViewManager.swift in Sources */ = {isa = PBXBuildFile; fileRef = BFD610C22B5AB990004E3953 /* ViewManager.swift */; };
/* End PBXBuildFile section */

/* Begin PBXFileReference section */
		BF7BFA132B5C45DE002F3802 /* IconButton.swift */ = {isa = PBXFileReference; lastKnownFileType = sourcecode.swift; path = IconButton.swift; sourceTree = "<group>"; };
		BF7BFA162B5C4BBF002F3802 /* HomeAvatar.swift */ = {isa = PBXFileReference; lastKnownFileType = sourcecode.swift; path = HomeAvatar.swift; sourceTree = "<group>"; };
		BF7BFA182B5C4F6D002F3802 /* UserImageCircle.swift */ = {isa = PBXFileReference; lastKnownFileType = sourcecode.swift; path = UserImageCircle.swift; sourceTree = "<group>"; };
		BF7BFA1A2B5C501D002F3802 /* UserInitialsCircle.swift */ = {isa = PBXFileReference; lastKnownFileType = sourcecode.swift; path = UserInitialsCircle.swift; sourceTree = "<group>"; };
		BF7BFA1D2B5D5692002F3802 /* HorizontalCarrousel.swift */ = {isa = PBXFileReference; lastKnownFileType = sourcecode.swift; path = HorizontalCarrousel.swift; sourceTree = "<group>"; };
		BF7BFA202B5D5D4B002F3802 /* HomeAccount.swift */ = {isa = PBXFileReference; lastKnownFileType = sourcecode.swift; path = HomeAccount.swift; sourceTree = "<group>"; };
		BF7BFA222B5D99F0002F3802 /* AccountsCarrousel.swift */ = {isa = PBXFileReference; lastKnownFileType = sourcecode.swift; path = AccountsCarrousel.swift; sourceTree = "<group>"; };
		BF7BFA262B5EC62F002F3802 /* Account.swift */ = {isa = PBXFileReference; lastKnownFileType = sourcecode.swift; path = Account.swift; sourceTree = "<group>"; };
		BF7BFA282B5ED247002F3802 /* LoginRouter.swift */ = {isa = PBXFileReference; lastKnownFileType = sourcecode.swift; path = LoginRouter.swift; sourceTree = "<group>"; };
		BF7BFA2A2B5F07E7002F3802 /* UIImageViewExtension.swift */ = {isa = PBXFileReference; lastKnownFileType = sourcecode.swift; path = UIImageViewExtension.swift; sourceTree = "<group>"; };
		BF7BFA2C2B6005D2002F3802 /* BankAPI.swift */ = {isa = PBXFileReference; lastKnownFileType = sourcecode.swift; path = BankAPI.swift; sourceTree = "<group>"; };
		BF7BFA2E2B600973002F3802 /* BankAccount.swift */ = {isa = PBXFileReference; lastKnownFileType = sourcecode.swift; path = BankAccount.swift; sourceTree = "<group>"; };
		BF7BFA302B6011A6002F3802 /* HomePresenter.swift */ = {isa = PBXFileReference; lastKnownFileType = sourcecode.swift; path = HomePresenter.swift; sourceTree = "<group>"; };
		BF7BFA322B601356002F3802 /* AccountInformation.swift */ = {isa = PBXFileReference; lastKnownFileType = sourcecode.swift; path = AccountInformation.swift; sourceTree = "<group>"; };
		BF7BFA342B601A82002F3802 /* StringUtils.swift */ = {isa = PBXFileReference; lastKnownFileType = sourcecode.swift; path = StringUtils.swift; sourceTree = "<group>"; };
		BF7BFA362B602A72002F3802 /* AccountsHomeSection.swift */ = {isa = PBXFileReference; lastKnownFileType = sourcecode.swift; path = AccountsHomeSection.swift; sourceTree = "<group>"; };
		BF7BFA382B602E6F002F3802 /* ButtonWithImage.swift */ = {isa = PBXFileReference; lastKnownFileType = sourcecode.swift; path = ButtonWithImage.swift; sourceTree = "<group>"; };
		BF7BFA3A2B6037DA002F3802 /* UIImageExtension.swift */ = {isa = PBXFileReference; lastKnownFileType = sourcecode.swift; path = UIImageExtension.swift; sourceTree = "<group>"; };
		BF7BFA3D2B60442A002F3802 /* PromosHomeSection.swift */ = {isa = PBXFileReference; lastKnownFileType = sourcecode.swift; path = PromosHomeSection.swift; sourceTree = "<group>"; };
		BF7BFA3F2B606402002F3802 /* PromosCarrousel.swift */ = {isa = PBXFileReference; lastKnownFileType = sourcecode.swift; path = PromosCarrousel.swift; sourceTree = "<group>"; };
		BF7BFA412B6064FA002F3802 /* BannerPromos.swift */ = {isa = PBXFileReference; lastKnownFileType = sourcecode.swift; path = BannerPromos.swift; sourceTree = "<group>"; };
		BF7BFA432B60678B002F3802 /* PromosAPI.swift */ = {isa = PBXFileReference; lastKnownFileType = sourcecode.swift; path = PromosAPI.swift; sourceTree = "<group>"; };
		BF7BFA452B606849002F3802 /* Promotion.swift */ = {isa = PBXFileReference; lastKnownFileType = sourcecode.swift; path = Promotion.swift; sourceTree = "<group>"; };
		BF7BFA482B606FE1002F3802 /* HomeTitle.swift */ = {isa = PBXFileReference; lastKnownFileType = sourcecode.swift; path = HomeTitle.swift; sourceTree = "<group>"; };
		BFD610582B500FEC004E3953 /* AppModoUI.app */ = {isa = PBXFileReference; explicitFileType = wrapper.application; includeInIndex = 0; path = AppModoUI.app; sourceTree = BUILT_PRODUCTS_DIR; };
		BFD6105B2B500FEC004E3953 /* AppDelegate.swift */ = {isa = PBXFileReference; lastKnownFileType = sourcecode.swift; path = AppDelegate.swift; sourceTree = "<group>"; };
		BFD6105D2B500FEC004E3953 /* SceneDelegate.swift */ = {isa = PBXFileReference; lastKnownFileType = sourcecode.swift; path = SceneDelegate.swift; sourceTree = "<group>"; };
		BFD610622B500FEC004E3953 /* Base */ = {isa = PBXFileReference; lastKnownFileType = file.storyboard; name = Base; path = Base.lproj/Main.storyboard; sourceTree = "<group>"; };
		BFD610642B500FF0004E3953 /* Assets.xcassets */ = {isa = PBXFileReference; lastKnownFileType = folder.assetcatalog; path = Assets.xcassets; sourceTree = "<group>"; };
		BFD610672B500FF0004E3953 /* Base */ = {isa = PBXFileReference; lastKnownFileType = file.storyboard; name = Base; path = Base.lproj/LaunchScreen.storyboard; sourceTree = "<group>"; };
		BFD610692B500FF0004E3953 /* Info.plist */ = {isa = PBXFileReference; lastKnownFileType = text.plist.xml; path = Info.plist; sourceTree = "<group>"; };
		BFD610712B50102D004E3953 /* LoginVC.swift */ = {isa = PBXFileReference; lastKnownFileType = sourcecode.swift; path = LoginVC.swift; sourceTree = "<group>"; };
		BFD610732B501C42004E3953 /* PasswordDots.swift */ = {isa = PBXFileReference; lastKnownFileType = sourcecode.swift; path = PasswordDots.swift; sourceTree = "<group>"; };
		BFD6107B2B50378A004E3953 /* Colors.swift */ = {isa = PBXFileReference; fileEncoding = 4; lastKnownFileType = sourcecode.swift; path = Colors.swift; sourceTree = "<group>"; };
		BFD6107D2B5038D2004E3953 /* KeypadButtonContainer.swift */ = {isa = PBXFileReference; lastKnownFileType = sourcecode.swift; path = KeypadButtonContainer.swift; sourceTree = "<group>"; };
		BFD610802B50397A004E3953 /* KeypadButton.swift */ = {isa = PBXFileReference; lastKnownFileType = sourcecode.swift; path = KeypadButton.swift; sourceTree = "<group>"; };
		BFD610822B503BE7004E3953 /* KeypadComponent.swift */ = {isa = PBXFileReference; lastKnownFileType = sourcecode.swift; path = KeypadComponent.swift; sourceTree = "<group>"; };
		BFD610842B505B15004E3953 /* Keypad.swift */ = {isa = PBXFileReference; fileEncoding = 4; lastKnownFileType = sourcecode.swift; path = Keypad.swift; sourceTree = "<group>"; };
		BFD610872B5069E7004E3953 /* NumberPad.swift */ = {isa = PBXFileReference; lastKnownFileType = sourcecode.swift; path = NumberPad.swift; sourceTree = "<group>"; };
		BFD610892B50AEB9004E3953 /* PasswordEyeButton.swift */ = {isa = PBXFileReference; lastKnownFileType = sourcecode.swift; path = PasswordEyeButton.swift; sourceTree = "<group>"; };
		BFD6108B2B56C677004E3953 /* ObserversNames.swift */ = {isa = PBXFileReference; lastKnownFileType = sourcecode.swift; path = ObserversNames.swift; sourceTree = "<group>"; };
		BFD6108D2B56F79F004E3953 /* HomeVC.swift */ = {isa = PBXFileReference; lastKnownFileType = sourcecode.swift; path = HomeVC.swift; sourceTree = "<group>"; };
		BFD6108F2B56FD8F004E3953 /* ViewControllerNames.swift */ = {isa = PBXFileReference; lastKnownFileType = sourcecode.swift; path = ViewControllerNames.swift; sourceTree = "<group>"; };
		BFD610912B56FDEF004E3953 /* Home.storyboard */ = {isa = PBXFileReference; lastKnownFileType = file.storyboard; path = Home.storyboard; sourceTree = "<group>"; };
		BFD610952B56FFA4004E3953 /* StoryboardNames.swift */ = {isa = PBXFileReference; lastKnownFileType = sourcecode.swift; path = StoryboardNames.swift; sourceTree = "<group>"; };
		BFD610982B5702B8004E3953 /* Navigation.swift */ = {isa = PBXFileReference; lastKnownFileType = sourcecode.swift; path = Navigation.swift; sourceTree = "<group>"; };
		BFD6109B2B581E54004E3953 /* Login.swift */ = {isa = PBXFileReference; lastKnownFileType = sourcecode.swift; path = Login.swift; sourceTree = "<group>"; };
		BFD6109E2B581F35004E3953 /* AuthAPI.swift */ = {isa = PBXFileReference; lastKnownFileType = sourcecode.swift; path = AuthAPI.swift; sourceTree = "<group>"; };
		BFD610A02B581F44004E3953 /* NetworkManager.swift */ = {isa = PBXFileReference; lastKnownFileType = sourcecode.swift; path = NetworkManager.swift; sourceTree = "<group>"; };
		BFD610A32B596FC9004E3953 /* Keychain.swift */ = {isa = PBXFileReference; lastKnownFileType = sourcecode.swift; path = Keychain.swift; sourceTree = "<group>"; };
		BFD610A52B597035004E3953 /* KeychainKeys.swift */ = {isa = PBXFileReference; lastKnownFileType = sourcecode.swift; path = KeychainKeys.swift; sourceTree = "<group>"; };
		BFD610A72B59714B004E3953 /* UserAPI.swift */ = {isa = PBXFileReference; lastKnownFileType = sourcecode.swift; path = UserAPI.swift; sourceTree = "<group>"; };
		BFD610A92B597216004E3953 /* MockData.swift */ = {isa = PBXFileReference; lastKnownFileType = sourcecode.swift; path = MockData.swift; sourceTree = "<group>"; };
		BFD610AB2B59743F004E3953 /* User.swift */ = {isa = PBXFileReference; lastKnownFileType = sourcecode.swift; path = User.swift; sourceTree = "<group>"; };
		BFD610AD2B597547004E3953 /* Card.swift */ = {isa = PBXFileReference; lastKnownFileType = sourcecode.swift; path = Card.swift; sourceTree = "<group>"; };
		BFD610AF2B598B3C004E3953 /* CardArt.swift */ = {isa = PBXFileReference; lastKnownFileType = sourcecode.swift; path = CardArt.swift; sourceTree = "<group>"; };
		BFD610B12B598B74004E3953 /* SuggestedBanksByCards.swift */ = {isa = PBXFileReference; lastKnownFileType = sourcecode.swift; path = SuggestedBanksByCards.swift; sourceTree = "<group>"; };
		BFD610B32B59939A004E3953 /* ErrorMessage.swift */ = {isa = PBXFileReference; lastKnownFileType = sourcecode.swift; path = ErrorMessage.swift; sourceTree = "<group>"; };
		BFD610B52B5993D7004E3953 /* ErrorResponse.swift */ = {isa = PBXFileReference; lastKnownFileType = sourcecode.swift; path = ErrorResponse.swift; sourceTree = "<group>"; };
		BFD610B72B59A382004E3953 /* Bank.swift */ = {isa = PBXFileReference; lastKnownFileType = sourcecode.swift; path = Bank.swift; sourceTree = "<group>"; };
		BFD610C02B59F1CA004E3953 /* LoginPresenter.swift */ = {isa = PBXFileReference; lastKnownFileType = sourcecode.swift; path = LoginPresenter.swift; sourceTree = "<group>"; };
		BFD610C22B5AB990004E3953 /* ViewManager.swift */ = {isa = PBXFileReference; lastKnownFileType = sourcecode.swift; path = ViewManager.swift; sourceTree = "<group>"; };
/* End PBXFileReference section */

/* Begin PBXFrameworksBuildPhase section */
		BFD610552B500FEC004E3953 /* Frameworks */ = {
			isa = PBXFrameworksBuildPhase;
			buildActionMask = 2147483647;
			files = (
			);
			runOnlyForDeploymentPostprocessing = 0;
		};
/* End PBXFrameworksBuildPhase section */

/* Begin PBXGroup section */
		BF7BFA152B5C4BAA002F3802 /* User */ = {
			isa = PBXGroup;
			children = (
				BF7BFA162B5C4BBF002F3802 /* HomeAvatar.swift */,
				BF7BFA182B5C4F6D002F3802 /* UserImageCircle.swift */,
				BF7BFA1A2B5C501D002F3802 /* UserInitialsCircle.swift */,
			);
			path = User;
			sourceTree = "<group>";
		};
		BF7BFA1C2B5D567D002F3802 /* Carrousel */ = {
			isa = PBXGroup;
			children = (
				BF7BFA1D2B5D5692002F3802 /* HorizontalCarrousel.swift */,
			);
			path = Carrousel;
			sourceTree = "<group>";
		};
		BF7BFA1F2B5D5D3D002F3802 /* Accounts */ = {
			isa = PBXGroup;
			children = (
				BF7BFA322B601356002F3802 /* AccountInformation.swift */,
				BF7BFA202B5D5D4B002F3802 /* HomeAccount.swift */,
				BF7BFA222B5D99F0002F3802 /* AccountsCarrousel.swift */,
				BF7BFA362B602A72002F3802 /* AccountsHomeSection.swift */,
			);
			path = Accounts;
			sourceTree = "<group>";
		};
		BF7BFA242B5E9C20002F3802 /* Login */ = {
			isa = PBXGroup;
			children = (
				BFD610C02B59F1CA004E3953 /* LoginPresenter.swift */,
				BFD610712B50102D004E3953 /* LoginVC.swift */,
				BF7BFA282B5ED247002F3802 /* LoginRouter.swift */,
			);
			path = Login;
			sourceTree = "<group>";
		};
		BF7BFA252B5E9C2C002F3802 /* Home */ = {
			isa = PBXGroup;
			children = (
				BFD6108D2B56F79F004E3953 /* HomeVC.swift */,
				BF7BFA302B6011A6002F3802 /* HomePresenter.swift */,
			);
			path = Home;
			sourceTree = "<group>";
		};
		BF7BFA3C2B60440D002F3802 /* Promos */ = {
			isa = PBXGroup;
			children = (
				BF7BFA3D2B60442A002F3802 /* PromosHomeSection.swift */,
				BF7BFA3F2B606402002F3802 /* PromosCarrousel.swift */,
				BF7BFA412B6064FA002F3802 /* BannerPromos.swift */,
			);
			path = Promos;
			sourceTree = "<group>";
		};
		BF7BFA472B606FD7002F3802 /* Texts */ = {
			isa = PBXGroup;
			children = (
				BF7BFA482B606FE1002F3802 /* HomeTitle.swift */,
			);
			path = Texts;
			sourceTree = "<group>";
		};
		BFD6104F2B500FEC004E3953 = {
			isa = PBXGroup;
			children = (
				BFD6105A2B500FEC004E3953 /* AppModoUI */,
				BFD610592B500FEC004E3953 /* Products */,
			);
			sourceTree = "<group>";
		};
		BFD610592B500FEC004E3953 /* Products */ = {
			isa = PBXGroup;
			children = (
				BFD610582B500FEC004E3953 /* AppModoUI.app */,
			);
			name = Products;
			sourceTree = "<group>";
		};
		BFD6105A2B500FEC004E3953 /* AppModoUI */ = {
			isa = PBXGroup;
			children = (
				BFD610A22B596FB1004E3953 /* Keychain */,
				BFD6109D2B581F25004E3953 /* API */,
				BFD610972B5702AA004E3953 /* Utilities */,
				BFD6107A2B50376D004E3953 /* Constants */,
				BFD610932B56FDF4004E3953 /* Storyboard */,
				BFD6109A2B581E46004E3953 /* Model */,
				BFD610942B56FE09004E3953 /* Views */,
				BFD610752B50364F004E3953 /* Components */,
				BFD6105B2B500FEC004E3953 /* AppDelegate.swift */,
				BFD6105D2B500FEC004E3953 /* SceneDelegate.swift */,
				BFD610642B500FF0004E3953 /* Assets.xcassets */,
				BFD610662B500FF0004E3953 /* LaunchScreen.storyboard */,
				BFD610692B500FF0004E3953 /* Info.plist */,
			);
			path = AppModoUI;
			sourceTree = "<group>";
		};
		BFD610752B50364F004E3953 /* Components */ = {
			isa = PBXGroup;
			children = (
				BF7BFA472B606FD7002F3802 /* Texts */,
				BF7BFA3C2B60440D002F3802 /* Promos */,
				BF7BFA1F2B5D5D3D002F3802 /* Accounts */,
				BF7BFA1C2B5D567D002F3802 /* Carrousel */,
				BF7BFA152B5C4BAA002F3802 /* User */,
				BFD6107F2B503960004E3953 /* Keypad */,
				BFD610772B50367D004E3953 /* Buttons */,
				BFD610762B503656004E3953 /* Password */,
			);
			path = Components;
			sourceTree = "<group>";
		};
		BFD610762B503656004E3953 /* Password */ = {
			isa = PBXGroup;
			children = (
				BFD610892B50AEB9004E3953 /* PasswordEyeButton.swift */,
				BFD610732B501C42004E3953 /* PasswordDots.swift */,
			);
			path = Password;
			sourceTree = "<group>";
		};
		BFD610772B50367D004E3953 /* Buttons */ = {
			isa = PBXGroup;
			children = (
				BF7BFA132B5C45DE002F3802 /* IconButton.swift */,
				BF7BFA382B602E6F002F3802 /* ButtonWithImage.swift */,
			);
			path = Buttons;
			sourceTree = "<group>";
		};
		BFD6107A2B50376D004E3953 /* Constants */ = {
			isa = PBXGroup;
			children = (
				BFD6107B2B50378A004E3953 /* Colors.swift */,
				BFD6108B2B56C677004E3953 /* ObserversNames.swift */,
				BFD6108F2B56FD8F004E3953 /* ViewControllerNames.swift */,
				BFD610952B56FFA4004E3953 /* StoryboardNames.swift */,
				BFD610A92B597216004E3953 /* MockData.swift */,
			);
			path = Constants;
			sourceTree = "<group>";
		};
		BFD6107F2B503960004E3953 /* Keypad */ = {
			isa = PBXGroup;
			children = (
				BFD610842B505B15004E3953 /* Keypad.swift */,
				BFD610802B50397A004E3953 /* KeypadButton.swift */,
				BFD6107D2B5038D2004E3953 /* KeypadButtonContainer.swift */,
				BFD610822B503BE7004E3953 /* KeypadComponent.swift */,
				BFD610872B5069E7004E3953 /* NumberPad.swift */,
			);
			path = Keypad;
			sourceTree = "<group>";
		};
		BFD610932B56FDF4004E3953 /* Storyboard */ = {
			isa = PBXGroup;
			children = (
				BFD610612B500FEC004E3953 /* Main.storyboard */,
				BFD610912B56FDEF004E3953 /* Home.storyboard */,
			);
			path = Storyboard;
			sourceTree = "<group>";
		};
		BFD610942B56FE09004E3953 /* Views */ = {
			isa = PBXGroup;
			children = (
				BFD610C22B5AB990004E3953 /* ViewManager.swift */,
				BF7BFA252B5E9C2C002F3802 /* Home */,
				BF7BFA242B5E9C20002F3802 /* Login */,
			);
			path = Views;
			sourceTree = "<group>";
		};
		BFD610972B5702AA004E3953 /* Utilities */ = {
			isa = PBXGroup;
			children = (
				BFD610982B5702B8004E3953 /* Navigation.swift */,
				BF7BFA2A2B5F07E7002F3802 /* UIImageViewExtension.swift */,
				BF7BFA342B601A82002F3802 /* StringUtils.swift */,
				BF7BFA3A2B6037DA002F3802 /* UIImageExtension.swift */,
			);
			path = Utilities;
			sourceTree = "<group>";
		};
		BFD6109A2B581E46004E3953 /* Model */ = {
			isa = PBXGroup;
			children = (
				BFD6109B2B581E54004E3953 /* Login.swift */,
				BFD610AB2B59743F004E3953 /* User.swift */,
				BFD610AD2B597547004E3953 /* Card.swift */,
				BFD610AF2B598B3C004E3953 /* CardArt.swift */,
				BFD610B12B598B74004E3953 /* SuggestedBanksByCards.swift */,
				BFD610B32B59939A004E3953 /* ErrorMessage.swift */,
				BFD610B52B5993D7004E3953 /* ErrorResponse.swift */,
				BFD610B72B59A382004E3953 /* Bank.swift */,
				BF7BFA262B5EC62F002F3802 /* Account.swift */,
				BF7BFA2E2B600973002F3802 /* BankAccount.swift */,
				BF7BFA452B606849002F3802 /* Promotion.swift */,
			);
			path = Model;
			sourceTree = "<group>";
		};
		BFD6109D2B581F25004E3953 /* API */ = {
			isa = PBXGroup;
			children = (
				BFD610A02B581F44004E3953 /* NetworkManager.swift */,
				BFD6109E2B581F35004E3953 /* AuthAPI.swift */,
				BFD610A72B59714B004E3953 /* UserAPI.swift */,
				BF7BFA2C2B6005D2002F3802 /* BankAPI.swift */,
				BF7BFA432B60678B002F3802 /* PromosAPI.swift */,
			);
			path = API;
			sourceTree = "<group>";
		};
		BFD610A22B596FB1004E3953 /* Keychain */ = {
			isa = PBXGroup;
			children = (
				BFD610A52B597035004E3953 /* KeychainKeys.swift */,
				BFD610A32B596FC9004E3953 /* Keychain.swift */,
			);
			path = Keychain;
			sourceTree = "<group>";
		};
/* End PBXGroup section */

/* Begin PBXNativeTarget section */
		BFD610572B500FEC004E3953 /* AppModoUI */ = {
			isa = PBXNativeTarget;
			buildConfigurationList = BFD6106C2B500FF0004E3953 /* Build configuration list for PBXNativeTarget "AppModoUI" */;
			buildPhases = (
				BFD610542B500FEC004E3953 /* Sources */,
				BFD610552B500FEC004E3953 /* Frameworks */,
				BFD610562B500FEC004E3953 /* Resources */,
			);
			buildRules = (
			);
			dependencies = (
			);
			name = AppModoUI;
			productName = AppModoUI;
			productReference = BFD610582B500FEC004E3953 /* AppModoUI.app */;
			productType = "com.apple.product-type.application";
		};
/* End PBXNativeTarget section */

/* Begin PBXProject section */
		BFD610502B500FEC004E3953 /* Project object */ = {
			isa = PBXProject;
			attributes = {
				BuildIndependentTargetsInParallel = 1;
				LastSwiftUpdateCheck = 1520;
				LastUpgradeCheck = 1520;
				TargetAttributes = {
					BFD610572B500FEC004E3953 = {
						CreatedOnToolsVersion = 15.2;
					};
				};
			};
			buildConfigurationList = BFD610532B500FEC004E3953 /* Build configuration list for PBXProject "AppModoUI" */;
			compatibilityVersion = "Xcode 14.0";
			developmentRegion = en;
			hasScannedForEncodings = 0;
			knownRegions = (
				en,
				Base,
			);
			mainGroup = BFD6104F2B500FEC004E3953;
			productRefGroup = BFD610592B500FEC004E3953 /* Products */;
			projectDirPath = "";
			projectRoot = "";
			targets = (
				BFD610572B500FEC004E3953 /* AppModoUI */,
			);
		};
/* End PBXProject section */

/* Begin PBXResourcesBuildPhase section */
		BFD610562B500FEC004E3953 /* Resources */ = {
			isa = PBXResourcesBuildPhase;
			buildActionMask = 2147483647;
			files = (
				BFD610682B500FF0004E3953 /* LaunchScreen.storyboard in Resources */,
				BFD610652B500FF0004E3953 /* Assets.xcassets in Resources */,
				BFD610632B500FEC004E3953 /* Main.storyboard in Resources */,
				BFD610922B56FDEF004E3953 /* Home.storyboard in Resources */,
			);
			runOnlyForDeploymentPostprocessing = 0;
		};
/* End PBXResourcesBuildPhase section */

/* Begin PBXSourcesBuildPhase section */
		BFD610542B500FEC004E3953 /* Sources */ = {
			isa = PBXSourcesBuildPhase;
			buildActionMask = 2147483647;
			files = (
				BFD610B82B59A382004E3953 /* Bank.swift in Sources */,
				BF7BFA392B602E6F002F3802 /* ButtonWithImage.swift in Sources */,
				BFD6108C2B56C677004E3953 /* ObserversNames.swift in Sources */,
				BFD6108E2B56F79F004E3953 /* HomeVC.swift in Sources */,
				BFD6107E2B5038D2004E3953 /* KeypadButtonContainer.swift in Sources */,
				BF7BFA1E2B5D5692002F3802 /* HorizontalCarrousel.swift in Sources */,
				BF7BFA272B5EC62F002F3802 /* Account.swift in Sources */,
				BF7BFA232B5D99F0002F3802 /* AccountsCarrousel.swift in Sources */,
				BFD610C12B59F1CA004E3953 /* LoginPresenter.swift in Sources */,
				BFD610AC2B59743F004E3953 /* User.swift in Sources */,
				BFD610A82B59714B004E3953 /* UserAPI.swift in Sources */,
				BFD610902B56FD8F004E3953 /* ViewControllerNames.swift in Sources */,
				BF7BFA402B606402002F3802 /* PromosCarrousel.swift in Sources */,
				BFD6105C2B500FEC004E3953 /* AppDelegate.swift in Sources */,
				BF7BFA442B60678B002F3802 /* PromosAPI.swift in Sources */,
				BF7BFA372B602A72002F3802 /* AccountsHomeSection.swift in Sources */,
				BF7BFA492B606FE1002F3802 /* HomeTitle.swift in Sources */,
				BFD6107C2B50378A004E3953 /* Colors.swift in Sources */,
				BF7BFA192B5C4F6D002F3802 /* UserImageCircle.swift in Sources */,
				BFD610B22B598B74004E3953 /* SuggestedBanksByCards.swift in Sources */,
				BFD610852B505B15004E3953 /* Keypad.swift in Sources */,
				BF7BFA292B5ED247002F3802 /* LoginRouter.swift in Sources */,
				BFD610B02B598B3C004E3953 /* CardArt.swift in Sources */,
				BFD610A62B597035004E3953 /* KeychainKeys.swift in Sources */,
				BF7BFA422B6064FA002F3802 /* BannerPromos.swift in Sources */,
				BFD6108A2B50AEB9004E3953 /* PasswordEyeButton.swift in Sources */,
				BFD610992B5702B8004E3953 /* Navigation.swift in Sources */,
				BFD610B62B5993D7004E3953 /* ErrorResponse.swift in Sources */,
				BF7BFA2D2B6005D2002F3802 /* BankAPI.swift in Sources */,
				BFD610C32B5AB990004E3953 /* ViewManager.swift in Sources */,
				BF7BFA2B2B5F07E7002F3802 /* UIImageViewExtension.swift in Sources */,
				BFD6105E2B500FEC004E3953 /* SceneDelegate.swift in Sources */,
				BF7BFA3E2B60442A002F3802 /* PromosHomeSection.swift in Sources */,
				BFD610AA2B597216004E3953 /* MockData.swift in Sources */,
				BFD610832B503BE7004E3953 /* KeypadComponent.swift in Sources */,
				BFD610A12B581F44004E3953 /* NetworkManager.swift in Sources */,
				BFD610AE2B597547004E3953 /* Card.swift in Sources */,
				BFD610882B5069E7004E3953 /* NumberPad.swift in Sources */,
				BFD610B42B59939A004E3953 /* ErrorMessage.swift in Sources */,
				BFD610A42B596FC9004E3953 /* Keychain.swift in Sources */,
				BF7BFA312B6011A6002F3802 /* HomePresenter.swift in Sources */,
				BFD6109F2B581F35004E3953 /* AuthAPI.swift in Sources */,
				BFD610742B501C42004E3953 /* PasswordDots.swift in Sources */,
				BF7BFA212B5D5D4B002F3802 /* HomeAccount.swift in Sources */,
				BFD610962B56FFA4004E3953 /* StoryboardNames.swift in Sources */,
				BF7BFA2F2B600973002F3802 /* BankAccount.swift in Sources */,
				BFD6109C2B581E54004E3953 /* Login.swift in Sources */,
				BF7BFA172B5C4BBF002F3802 /* HomeAvatar.swift in Sources */,
				BF7BFA3B2B6037DA002F3802 /* UIImageExtension.swift in Sources */,
				BF7BFA142B5C45DE002F3802 /* IconButton.swift in Sources */,
				BF7BFA332B601356002F3802 /* AccountInformation.swift in Sources */,
				BF7BFA1B2B5C501D002F3802 /* UserInitialsCircle.swift in Sources */,
				BFD610722B50102D004E3953 /* LoginVC.swift in Sources */,
				BF7BFA462B606849002F3802 /* Promotion.swift in Sources */,
				BFD610812B50397A004E3953 /* KeypadButton.swift in Sources */,
				BF7BFA352B601A82002F3802 /* StringUtils.swift in Sources */,
			);
			runOnlyForDeploymentPostprocessing = 0;
		};
/* End PBXSourcesBuildPhase section */

/* Begin PBXVariantGroup section */
		BFD610612B500FEC004E3953 /* Main.storyboard */ = {
			isa = PBXVariantGroup;
			children = (
				BFD610622B500FEC004E3953 /* Base */,
			);
			name = Main.storyboard;
			sourceTree = "<group>";
		};
		BFD610662B500FF0004E3953 /* LaunchScreen.storyboard */ = {
			isa = PBXVariantGroup;
			children = (
				BFD610672B500FF0004E3953 /* Base */,
			);
			name = LaunchScreen.storyboard;
			sourceTree = "<group>";
		};
/* End PBXVariantGroup section */

/* Begin XCBuildConfiguration section */
		BFD6106A2B500FF0004E3953 /* Debug */ = {
			isa = XCBuildConfiguration;
			buildSettings = {
				ALWAYS_SEARCH_USER_PATHS = NO;
				ASSETCATALOG_COMPILER_GENERATE_SWIFT_ASSET_SYMBOL_EXTENSIONS = YES;
				CLANG_ANALYZER_NONNULL = YES;
				CLANG_ANALYZER_NUMBER_OBJECT_CONVERSION = YES_AGGRESSIVE;
				CLANG_CXX_LANGUAGE_STANDARD = "gnu++20";
				CLANG_ENABLE_MODULES = YES;
				CLANG_ENABLE_OBJC_ARC = YES;
				CLANG_ENABLE_OBJC_WEAK = YES;
				CLANG_WARN_BLOCK_CAPTURE_AUTORELEASING = YES;
				CLANG_WARN_BOOL_CONVERSION = YES;
				CLANG_WARN_COMMA = YES;
				CLANG_WARN_CONSTANT_CONVERSION = YES;
				CLANG_WARN_DEPRECATED_OBJC_IMPLEMENTATIONS = YES;
				CLANG_WARN_DIRECT_OBJC_ISA_USAGE = YES_ERROR;
				CLANG_WARN_DOCUMENTATION_COMMENTS = YES;
				CLANG_WARN_EMPTY_BODY = YES;
				CLANG_WARN_ENUM_CONVERSION = YES;
				CLANG_WARN_INFINITE_RECURSION = YES;
				CLANG_WARN_INT_CONVERSION = YES;
				CLANG_WARN_NON_LITERAL_NULL_CONVERSION = YES;
				CLANG_WARN_OBJC_IMPLICIT_RETAIN_SELF = YES;
				CLANG_WARN_OBJC_LITERAL_CONVERSION = YES;
				CLANG_WARN_OBJC_ROOT_CLASS = YES_ERROR;
				CLANG_WARN_QUOTED_INCLUDE_IN_FRAMEWORK_HEADER = YES;
				CLANG_WARN_RANGE_LOOP_ANALYSIS = YES;
				CLANG_WARN_STRICT_PROTOTYPES = YES;
				CLANG_WARN_SUSPICIOUS_MOVE = YES;
				CLANG_WARN_UNGUARDED_AVAILABILITY = YES_AGGRESSIVE;
				CLANG_WARN_UNREACHABLE_CODE = YES;
				CLANG_WARN__DUPLICATE_METHOD_MATCH = YES;
				COPY_PHASE_STRIP = NO;
				DEBUG_INFORMATION_FORMAT = dwarf;
				ENABLE_STRICT_OBJC_MSGSEND = YES;
				ENABLE_TESTABILITY = YES;
				ENABLE_USER_SCRIPT_SANDBOXING = YES;
				GCC_C_LANGUAGE_STANDARD = gnu17;
				GCC_DYNAMIC_NO_PIC = NO;
				GCC_NO_COMMON_BLOCKS = YES;
				GCC_OPTIMIZATION_LEVEL = 0;
				GCC_PREPROCESSOR_DEFINITIONS = (
					"DEBUG=1",
					"$(inherited)",
				);
				GCC_WARN_64_TO_32_BIT_CONVERSION = YES;
				GCC_WARN_ABOUT_RETURN_TYPE = YES_ERROR;
				GCC_WARN_UNDECLARED_SELECTOR = YES;
				GCC_WARN_UNINITIALIZED_AUTOS = YES_AGGRESSIVE;
				GCC_WARN_UNUSED_FUNCTION = YES;
				GCC_WARN_UNUSED_VARIABLE = YES;
				IPHONEOS_DEPLOYMENT_TARGET = 13.0;
				LOCALIZATION_PREFERS_STRING_CATALOGS = YES;
				MTL_ENABLE_DEBUG_INFO = INCLUDE_SOURCE;
				MTL_FAST_MATH = YES;
				ONLY_ACTIVE_ARCH = YES;
				SDKROOT = iphoneos;
				SWIFT_ACTIVE_COMPILATION_CONDITIONS = "DEBUG $(inherited)";
				SWIFT_OPTIMIZATION_LEVEL = "-Onone";
			};
			name = Debug;
		};
		BFD6106B2B500FF0004E3953 /* Release */ = {
			isa = XCBuildConfiguration;
			buildSettings = {
				ALWAYS_SEARCH_USER_PATHS = NO;
				ASSETCATALOG_COMPILER_GENERATE_SWIFT_ASSET_SYMBOL_EXTENSIONS = YES;
				CLANG_ANALYZER_NONNULL = YES;
				CLANG_ANALYZER_NUMBER_OBJECT_CONVERSION = YES_AGGRESSIVE;
				CLANG_CXX_LANGUAGE_STANDARD = "gnu++20";
				CLANG_ENABLE_MODULES = YES;
				CLANG_ENABLE_OBJC_ARC = YES;
				CLANG_ENABLE_OBJC_WEAK = YES;
				CLANG_WARN_BLOCK_CAPTURE_AUTORELEASING = YES;
				CLANG_WARN_BOOL_CONVERSION = YES;
				CLANG_WARN_COMMA = YES;
				CLANG_WARN_CONSTANT_CONVERSION = YES;
				CLANG_WARN_DEPRECATED_OBJC_IMPLEMENTATIONS = YES;
				CLANG_WARN_DIRECT_OBJC_ISA_USAGE = YES_ERROR;
				CLANG_WARN_DOCUMENTATION_COMMENTS = YES;
				CLANG_WARN_EMPTY_BODY = YES;
				CLANG_WARN_ENUM_CONVERSION = YES;
				CLANG_WARN_INFINITE_RECURSION = YES;
				CLANG_WARN_INT_CONVERSION = YES;
				CLANG_WARN_NON_LITERAL_NULL_CONVERSION = YES;
				CLANG_WARN_OBJC_IMPLICIT_RETAIN_SELF = YES;
				CLANG_WARN_OBJC_LITERAL_CONVERSION = YES;
				CLANG_WARN_OBJC_ROOT_CLASS = YES_ERROR;
				CLANG_WARN_QUOTED_INCLUDE_IN_FRAMEWORK_HEADER = YES;
				CLANG_WARN_RANGE_LOOP_ANALYSIS = YES;
				CLANG_WARN_STRICT_PROTOTYPES = YES;
				CLANG_WARN_SUSPICIOUS_MOVE = YES;
				CLANG_WARN_UNGUARDED_AVAILABILITY = YES_AGGRESSIVE;
				CLANG_WARN_UNREACHABLE_CODE = YES;
				CLANG_WARN__DUPLICATE_METHOD_MATCH = YES;
				COPY_PHASE_STRIP = NO;
				DEBUG_INFORMATION_FORMAT = "dwarf-with-dsym";
				ENABLE_NS_ASSERTIONS = NO;
				ENABLE_STRICT_OBJC_MSGSEND = YES;
				ENABLE_USER_SCRIPT_SANDBOXING = YES;
				GCC_C_LANGUAGE_STANDARD = gnu17;
				GCC_NO_COMMON_BLOCKS = YES;
				GCC_WARN_64_TO_32_BIT_CONVERSION = YES;
				GCC_WARN_ABOUT_RETURN_TYPE = YES_ERROR;
				GCC_WARN_UNDECLARED_SELECTOR = YES;
				GCC_WARN_UNINITIALIZED_AUTOS = YES_AGGRESSIVE;
				GCC_WARN_UNUSED_FUNCTION = YES;
				GCC_WARN_UNUSED_VARIABLE = YES;
				IPHONEOS_DEPLOYMENT_TARGET = 13.0;
				LOCALIZATION_PREFERS_STRING_CATALOGS = YES;
				MTL_ENABLE_DEBUG_INFO = NO;
				MTL_FAST_MATH = YES;
				SDKROOT = iphoneos;
				SWIFT_COMPILATION_MODE = wholemodule;
				VALIDATE_PRODUCT = YES;
			};
			name = Release;
		};
		BFD6106D2B500FF0004E3953 /* Debug */ = {
			isa = XCBuildConfiguration;
			buildSettings = {
				ASSETCATALOG_COMPILER_APPICON_NAME = AppIcon;
				ASSETCATALOG_COMPILER_GLOBAL_ACCENT_COLOR_NAME = AccentColor;
				CODE_SIGN_STYLE = Automatic;
				CURRENT_PROJECT_VERSION = 1;
				DEVELOPMENT_TEAM = 7F2FJJ2NR7;
				GENERATE_INFOPLIST_FILE = YES;
				INFOPLIST_FILE = AppModoUI/Info.plist;
				INFOPLIST_KEY_UIApplicationSupportsIndirectInputEvents = YES;
				INFOPLIST_KEY_UILaunchStoryboardName = LaunchScreen;
				INFOPLIST_KEY_UIMainStoryboardFile = Main;
				INFOPLIST_KEY_UISupportedInterfaceOrientations_iPad = "UIInterfaceOrientationPortrait UIInterfaceOrientationPortraitUpsideDown UIInterfaceOrientationLandscapeLeft UIInterfaceOrientationLandscapeRight";
				INFOPLIST_KEY_UISupportedInterfaceOrientations_iPhone = "UIInterfaceOrientationPortrait UIInterfaceOrientationLandscapeLeft UIInterfaceOrientationLandscapeRight";
				LD_RUNPATH_SEARCH_PATHS = (
					"$(inherited)",
					"@executable_path/Frameworks",
				);
				MARKETING_VERSION = 1.0;
				PRODUCT_BUNDLE_IDENTIFIER = com.gonzaberro.AppModoUI;
				PRODUCT_NAME = "$(TARGET_NAME)";
				SWIFT_EMIT_LOC_STRINGS = YES;
				SWIFT_VERSION = 5.0;
				TARGETED_DEVICE_FAMILY = "1,2";
			};
			name = Debug;
		};
		BFD6106E2B500FF0004E3953 /* Release */ = {
			isa = XCBuildConfiguration;
			buildSettings = {
				ASSETCATALOG_COMPILER_APPICON_NAME = AppIcon;
				ASSETCATALOG_COMPILER_GLOBAL_ACCENT_COLOR_NAME = AccentColor;
				CODE_SIGN_STYLE = Automatic;
				CURRENT_PROJECT_VERSION = 1;
				DEVELOPMENT_TEAM = 7F2FJJ2NR7;
				GENERATE_INFOPLIST_FILE = YES;
				INFOPLIST_FILE = AppModoUI/Info.plist;
				INFOPLIST_KEY_UIApplicationSupportsIndirectInputEvents = YES;
				INFOPLIST_KEY_UILaunchStoryboardName = LaunchScreen;
				INFOPLIST_KEY_UIMainStoryboardFile = Main;
				INFOPLIST_KEY_UISupportedInterfaceOrientations_iPad = "UIInterfaceOrientationPortrait UIInterfaceOrientationPortraitUpsideDown UIInterfaceOrientationLandscapeLeft UIInterfaceOrientationLandscapeRight";
				INFOPLIST_KEY_UISupportedInterfaceOrientations_iPhone = "UIInterfaceOrientationPortrait UIInterfaceOrientationLandscapeLeft UIInterfaceOrientationLandscapeRight";
				LD_RUNPATH_SEARCH_PATHS = (
					"$(inherited)",
					"@executable_path/Frameworks",
				);
				MARKETING_VERSION = 1.0;
				PRODUCT_BUNDLE_IDENTIFIER = com.gonzaberro.AppModoUI;
				PRODUCT_NAME = "$(TARGET_NAME)";
				SWIFT_EMIT_LOC_STRINGS = YES;
				SWIFT_VERSION = 5.0;
				TARGETED_DEVICE_FAMILY = "1,2";
			};
			name = Release;
		};
/* End XCBuildConfiguration section */

/* Begin XCConfigurationList section */
		BFD610532B500FEC004E3953 /* Build configuration list for PBXProject "AppModoUI" */ = {
			isa = XCConfigurationList;
			buildConfigurations = (
				BFD6106A2B500FF0004E3953 /* Debug */,
				BFD6106B2B500FF0004E3953 /* Release */,
			);
			defaultConfigurationIsVisible = 0;
			defaultConfigurationName = Release;
		};
		BFD6106C2B500FF0004E3953 /* Build configuration list for PBXNativeTarget "AppModoUI" */ = {
			isa = XCConfigurationList;
			buildConfigurations = (
				BFD6106D2B500FF0004E3953 /* Debug */,
				BFD6106E2B500FF0004E3953 /* Release */,
			);
			defaultConfigurationIsVisible = 0;
			defaultConfigurationName = Release;
		};
/* End XCConfigurationList section */
	};
	rootObject = BFD610502B500FEC004E3953 /* Project object */;
}
